
Microsoft Visual Studio Solution File, Format Version 12.00
# Visual Studio Version 16
VisualStudioVersion = 16.0.30907.101
MinimumVisualStudioVersion = 10.0.40219.1
Project("{FAE04EC0-301F-11D3-BF4B-00C04F79EFBC}") = "ClassMethodDemo", "ClassMetotDemo\ClassMethodDemo.csproj", "{F998B792-7218-4187-BC06-FEE21FFB9B1F}"
EndProject
Global
	GlobalSection(SolutionConfigurationPlatforms) = preSolution
		Debug|Any CPU = Debug|Any CPU
		Release|Any CPU = Release|Any CPU
	EndGlobalSection
	GlobalSection(ProjectConfigurationPlatforms) = postSolution
		{F998B792-7218-4187-BC06-FEE21FFB9B1F}.Debug|Any CPU.ActiveCfg = Debug|Any CPU
		{F998B792-7218-4187-BC06-FEE21FFB9B1F}.Debug|Any CPU.Build.0 = Debug|Any CPU
		{F998B792-7218-4187-BC06-FEE21FFB9B1F}.Release|Any CPU.ActiveCfg = Release|Any CPU
		{F998B792-7218-4187-BC06-FEE21FFB9B1F}.Release|Any CPU.Build.0 = Release|Any CPU
	EndGlobalSection
	GlobalSection(SolutionProperties) = preSolution
		HideSolutionNode = FALSE
	EndGlobalSection
	GlobalSection(ExtensibilityGlobals) = postSolution
		SolutionGuid = {713E54AD-0A14-46D6-BCEF-ED5BC1BAAE32}
	EndGlobalSection
EndGlobal
